// !$*UTF8*$!
{
	archiveVersion = 1;
	classes = {
	};
	objectVersion = 50;
	objects = {

/* Begin PBXBuildFile section */
		1D1BA8FF2560AEBB00B3E414 /* TimeBlockerView.swift in Sources */ = {isa = PBXBuildFile; fileRef = 1D1BA8FE2560AEBB00B3E414 /* TimeBlockerView.swift */; };
		1D1BA9002560AEBB00B3E414 /* TimeBlockerView.swift in Sources */ = {isa = PBXBuildFile; fileRef = 1D1BA8FE2560AEBB00B3E414 /* TimeBlockerView.swift */; };
		1D1BA90A2560AEE700B3E414 /* SetupView.swift in Sources */ = {isa = PBXBuildFile; fileRef = 1D1BA9092560AEE700B3E414 /* SetupView.swift */; };
		1D1BA90B2560AEE700B3E414 /* SetupView.swift in Sources */ = {isa = PBXBuildFile; fileRef = 1D1BA9092560AEE700B3E414 /* SetupView.swift */; };
		1D3A43832557352100882F8D /* NowView.swift in Sources */ = {isa = PBXBuildFile; fileRef = 1D3A43822557352100882F8D /* NowView.swift */; };
		1D3A43842557352100882F8D /* NowView.swift in Sources */ = {isa = PBXBuildFile; fileRef = 1D3A43822557352100882F8D /* NowView.swift */; };
		1D3A43A02557809C00882F8D /* PlannerView.swift in Sources */ = {isa = PBXBuildFile; fileRef = 1D3A439F2557809C00882F8D /* PlannerView.swift */; };
		1D3A43A12557809C00882F8D /* PlannerView.swift in Sources */ = {isa = PBXBuildFile; fileRef = 1D3A439F2557809C00882F8D /* PlannerView.swift */; };
		1D3A43AB255780BD00882F8D /* DisplaySelectedDateView.swift in Sources */ = {isa = PBXBuildFile; fileRef = 1D3A43AA255780BD00882F8D /* DisplaySelectedDateView.swift */; };
		1D3A43AC255780BD00882F8D /* DisplaySelectedDateView.swift in Sources */ = {isa = PBXBuildFile; fileRef = 1D3A43AA255780BD00882F8D /* DisplaySelectedDateView.swift */; };
		1D47D4AB2554721A00494762 /* DailyActivityBricksView.swift in Sources */ = {isa = PBXBuildFile; fileRef = 1D47D4AA2554721A00494762 /* DailyActivityBricksView.swift */; };
		1D47D4AC2554721A00494762 /* DailyActivityBricksView.swift in Sources */ = {isa = PBXBuildFile; fileRef = 1D47D4AA2554721A00494762 /* DailyActivityBricksView.swift */; };
		1D4B9A772563778200155F99 /* TimeBlockerModel.swift in Sources */ = {isa = PBXBuildFile; fileRef = 1D4B9A762563778200155F99 /* TimeBlockerModel.swift */; };
		1D4B9A782563778200155F99 /* TimeBlockerModel.swift in Sources */ = {isa = PBXBuildFile; fileRef = 1D4B9A762563778200155F99 /* TimeBlockerModel.swift */; };
		1D4B9A7E256377B600155F99 /* TimeBlockerSetupView.swift in Sources */ = {isa = PBXBuildFile; fileRef = 1D4B9A7D256377B600155F99 /* TimeBlockerSetupView.swift */; };
		1D4B9A7F256377B600155F99 /* TimeBlockerSetupView.swift in Sources */ = {isa = PBXBuildFile; fileRef = 1D4B9A7D256377B600155F99 /* TimeBlockerSetupView.swift */; };
		1D78192C25563FF70054BB00 /* Extensions.swift in Sources */ = {isa = PBXBuildFile; fileRef = 1D78192B25563FF70054BB00 /* Extensions.swift */; };
		1D78192D25563FF70054BB00 /* Extensions.swift in Sources */ = {isa = PBXBuildFile; fileRef = 1D78192B25563FF70054BB00 /* Extensions.swift */; };
		1DAB628F254FA479005E46D8 /* Tests_iOS.swift in Sources */ = {isa = PBXBuildFile; fileRef = 1DAB628E254FA479005E46D8 /* Tests_iOS.swift */; };
		1DAB629A254FA479005E46D8 /* Tests_macOS.swift in Sources */ = {isa = PBXBuildFile; fileRef = 1DAB6299254FA479005E46D8 /* Tests_macOS.swift */; };
		1DAB629C254FA479005E46D8 /* Golos.xcdatamodeld in Sources */ = {isa = PBXBuildFile; fileRef = 1DAB6270254FA479005E46D8 /* Golos.xcdatamodeld */; };
		1DAB629D254FA479005E46D8 /* Golos.xcdatamodeld in Sources */ = {isa = PBXBuildFile; fileRef = 1DAB6270254FA479005E46D8 /* Golos.xcdatamodeld */; };
		1DAB629E254FA479005E46D8 /* GolosApp.swift in Sources */ = {isa = PBXBuildFile; fileRef = 1DAB6272254FA479005E46D8 /* GolosApp.swift */; };
		1DAB629F254FA479005E46D8 /* GolosApp.swift in Sources */ = {isa = PBXBuildFile; fileRef = 1DAB6272254FA479005E46D8 /* GolosApp.swift */; };
		1DAB62A0254FA479005E46D8 /* ContentView.swift in Sources */ = {isa = PBXBuildFile; fileRef = 1DAB6273254FA479005E46D8 /* ContentView.swift */; };
		1DAB62A1254FA479005E46D8 /* ContentView.swift in Sources */ = {isa = PBXBuildFile; fileRef = 1DAB6273254FA479005E46D8 /* ContentView.swift */; };
		1DAB62A2254FA479005E46D8 /* Persistence.swift in Sources */ = {isa = PBXBuildFile; fileRef = 1DAB6274254FA479005E46D8 /* Persistence.swift */; };
		1DAB62A3254FA479005E46D8 /* Persistence.swift in Sources */ = {isa = PBXBuildFile; fileRef = 1DAB6274254FA479005E46D8 /* Persistence.swift */; };
		1DAB62A4254FA479005E46D8 /* Assets.xcassets in Resources */ = {isa = PBXBuildFile; fileRef = 1DAB6275254FA479005E46D8 /* Assets.xcassets */; };
		1DAB62A5254FA479005E46D8 /* Assets.xcassets in Resources */ = {isa = PBXBuildFile; fileRef = 1DAB6275254FA479005E46D8 /* Assets.xcassets */; };
		1DAB62B9254FA4C7005E46D8 /* TimelineView.swift in Sources */ = {isa = PBXBuildFile; fileRef = 1DAB62B8254FA4C7005E46D8 /* TimelineView.swift */; };
		1DAB62BA254FA4C7005E46D8 /* TimelineView.swift in Sources */ = {isa = PBXBuildFile; fileRef = 1DAB62B8254FA4C7005E46D8 /* TimelineView.swift */; };
		1DAB62C4254FA685005E46D8 /* Sidebar.swift in Sources */ = {isa = PBXBuildFile; fileRef = 1DAB62C3254FA685005E46D8 /* Sidebar.swift */; };
		1DAB62C5254FA685005E46D8 /* Sidebar.swift in Sources */ = {isa = PBXBuildFile; fileRef = 1DAB62C3254FA685005E46D8 /* Sidebar.swift */; };
		1DAB62DF254FABDD005E46D8 /* Overview.swift in Sources */ = {isa = PBXBuildFile; fileRef = 1DAB62DE254FABDD005E46D8 /* Overview.swift */; };
		1DAB62E0254FABDD005E46D8 /* Overview.swift in Sources */ = {isa = PBXBuildFile; fileRef = 1DAB62DE254FABDD005E46D8 /* Overview.swift */; };
		1DFE37582555F47D002B6491 /* SquareBrick.swift in Sources */ = {isa = PBXBuildFile; fileRef = 1DFE37572555F47D002B6491 /* SquareBrick.swift */; };
		1DFE37592555F47D002B6491 /* SquareBrick.swift in Sources */ = {isa = PBXBuildFile; fileRef = 1DFE37572555F47D002B6491 /* SquareBrick.swift */; };
		1DFE375F2555F6D5002B6491 /* RingShape.swift in Sources */ = {isa = PBXBuildFile; fileRef = 1DFE375E2555F6D5002B6491 /* RingShape.swift */; };
		1DFE37602555F6D5002B6491 /* RingShape.swift in Sources */ = {isa = PBXBuildFile; fileRef = 1DFE375E2555F6D5002B6491 /* RingShape.swift */; };
/* End PBXBuildFile section */

/* Begin PBXContainerItemProxy section */
		1DAB628B254FA479005E46D8 /* PBXContainerItemProxy */ = {
			isa = PBXContainerItemProxy;
			containerPortal = 1DAB626B254FA478005E46D8 /* Project object */;
			proxyType = 1;
			remoteGlobalIDString = 1DAB6279254FA479005E46D8;
			remoteInfo = "Golos (iOS)";
		};
		1DAB6296254FA479005E46D8 /* PBXContainerItemProxy */ = {
			isa = PBXContainerItemProxy;
			containerPortal = 1DAB626B254FA478005E46D8 /* Project object */;
			proxyType = 1;
			remoteGlobalIDString = 1DAB6281254FA479005E46D8;
			remoteInfo = "Golos (macOS)";
		};
/* End PBXContainerItemProxy section */

/* Begin PBXFileReference section */
		1D1BA8FE2560AEBB00B3E414 /* TimeBlockerView.swift */ = {isa = PBXFileReference; lastKnownFileType = sourcecode.swift; path = TimeBlockerView.swift; sourceTree = "<group>"; };
		1D1BA9092560AEE700B3E414 /* SetupView.swift */ = {isa = PBXFileReference; lastKnownFileType = sourcecode.swift; path = SetupView.swift; sourceTree = "<group>"; };
		1D3A43822557352100882F8D /* NowView.swift */ = {isa = PBXFileReference; lastKnownFileType = sourcecode.swift; path = NowView.swift; sourceTree = "<group>"; };
		1D3A439525574B0D00882F8D /* Exploration.playground */ = {isa = PBXFileReference; lastKnownFileType = file.playground; name = Exploration.playground; path = ../../Exploration.playground; sourceTree = "<group>"; xcLanguageSpecificationIdentifier = xcode.lang.swift; };
		1D3A439F2557809C00882F8D /* PlannerView.swift */ = {isa = PBXFileReference; lastKnownFileType = sourcecode.swift; path = PlannerView.swift; sourceTree = "<group>"; };
		1D3A43AA255780BD00882F8D /* DisplaySelectedDateView.swift */ = {isa = PBXFileReference; lastKnownFileType = sourcecode.swift; path = DisplaySelectedDateView.swift; sourceTree = "<group>"; };
		1D47D4AA2554721A00494762 /* DailyActivityBricksView.swift */ = {isa = PBXFileReference; lastKnownFileType = sourcecode.swift; path = DailyActivityBricksView.swift; sourceTree = "<group>"; };
		1D4B9A762563778200155F99 /* TimeBlockerModel.swift */ = {isa = PBXFileReference; lastKnownFileType = sourcecode.swift; path = TimeBlockerModel.swift; sourceTree = "<group>"; };
		1D4B9A7D256377B600155F99 /* TimeBlockerSetupView.swift */ = {isa = PBXFileReference; lastKnownFileType = sourcecode.swift; path = TimeBlockerSetupView.swift; sourceTree = "<group>"; };
		1D78192B25563FF70054BB00 /* Extensions.swift */ = {isa = PBXFileReference; lastKnownFileType = sourcecode.swift; path = Extensions.swift; sourceTree = "<group>"; };
		1DAB6271254FA479005E46D8 /* Shared.xcdatamodel */ = {isa = PBXFileReference; lastKnownFileType = wrapper.xcdatamodel; path = Shared.xcdatamodel; sourceTree = "<group>"; };
		1DAB6272254FA479005E46D8 /* GolosApp.swift */ = {isa = PBXFileReference; lastKnownFileType = sourcecode.swift; path = GolosApp.swift; sourceTree = "<group>"; };
		1DAB6273254FA479005E46D8 /* ContentView.swift */ = {isa = PBXFileReference; lastKnownFileType = sourcecode.swift; path = ContentView.swift; sourceTree = "<group>"; };
		1DAB6274254FA479005E46D8 /* Persistence.swift */ = {isa = PBXFileReference; lastKnownFileType = sourcecode.swift; path = Persistence.swift; sourceTree = "<group>"; };
		1DAB6275254FA479005E46D8 /* Assets.xcassets */ = {isa = PBXFileReference; lastKnownFileType = folder.assetcatalog; path = Assets.xcassets; sourceTree = "<group>"; };
		1DAB627A254FA479005E46D8 /* Golos.app */ = {isa = PBXFileReference; explicitFileType = wrapper.application; includeInIndex = 0; path = Golos.app; sourceTree = BUILT_PRODUCTS_DIR; };
		1DAB627D254FA479005E46D8 /* Info.plist */ = {isa = PBXFileReference; lastKnownFileType = text.plist.xml; path = Info.plist; sourceTree = "<group>"; };
		1DAB6282254FA479005E46D8 /* Golos.app */ = {isa = PBXFileReference; explicitFileType = wrapper.application; includeInIndex = 0; path = Golos.app; sourceTree = BUILT_PRODUCTS_DIR; };
		1DAB6284254FA479005E46D8 /* Info.plist */ = {isa = PBXFileReference; lastKnownFileType = text.plist.xml; path = Info.plist; sourceTree = "<group>"; };
		1DAB6285254FA479005E46D8 /* macOS.entitlements */ = {isa = PBXFileReference; lastKnownFileType = text.plist.entitlements; path = macOS.entitlements; sourceTree = "<group>"; };
		1DAB628A254FA479005E46D8 /* Tests iOS.xctest */ = {isa = PBXFileReference; explicitFileType = wrapper.cfbundle; includeInIndex = 0; path = "Tests iOS.xctest"; sourceTree = BUILT_PRODUCTS_DIR; };
		1DAB628E254FA479005E46D8 /* Tests_iOS.swift */ = {isa = PBXFileReference; lastKnownFileType = sourcecode.swift; path = Tests_iOS.swift; sourceTree = "<group>"; };
		1DAB6290254FA479005E46D8 /* Info.plist */ = {isa = PBXFileReference; lastKnownFileType = text.plist.xml; path = Info.plist; sourceTree = "<group>"; };
		1DAB6295254FA479005E46D8 /* Tests macOS.xctest */ = {isa = PBXFileReference; explicitFileType = wrapper.cfbundle; includeInIndex = 0; path = "Tests macOS.xctest"; sourceTree = BUILT_PRODUCTS_DIR; };
		1DAB6299254FA479005E46D8 /* Tests_macOS.swift */ = {isa = PBXFileReference; lastKnownFileType = sourcecode.swift; path = Tests_macOS.swift; sourceTree = "<group>"; };
		1DAB629B254FA479005E46D8 /* Info.plist */ = {isa = PBXFileReference; lastKnownFileType = text.plist.xml; path = Info.plist; sourceTree = "<group>"; };
		1DAB62B8254FA4C7005E46D8 /* TimelineView.swift */ = {isa = PBXFileReference; lastKnownFileType = sourcecode.swift; path = TimelineView.swift; sourceTree = "<group>"; };
		1DAB62C3254FA685005E46D8 /* Sidebar.swift */ = {isa = PBXFileReference; lastKnownFileType = sourcecode.swift; path = Sidebar.swift; sourceTree = "<group>"; };
		1DAB62DE254FABDD005E46D8 /* Overview.swift */ = {isa = PBXFileReference; lastKnownFileType = sourcecode.swift; path = Overview.swift; sourceTree = "<group>"; };
		1DFE37572555F47D002B6491 /* SquareBrick.swift */ = {isa = PBXFileReference; lastKnownFileType = sourcecode.swift; name = SquareBrick.swift; path = Shared/SquareBrick.swift; sourceTree = SOURCE_ROOT; };
		1DFE375E2555F6D5002B6491 /* RingShape.swift */ = {isa = PBXFileReference; lastKnownFileType = sourcecode.swift; path = RingShape.swift; sourceTree = "<group>"; };
/* End PBXFileReference section */

/* Begin PBXFrameworksBuildPhase section */
		1DAB6277254FA479005E46D8 /* Frameworks */ = {
			isa = PBXFrameworksBuildPhase;
			buildActionMask = 2147483647;
			files = (
			);
			runOnlyForDeploymentPostprocessing = 0;
		};
		1DAB627F254FA479005E46D8 /* Frameworks */ = {
			isa = PBXFrameworksBuildPhase;
			buildActionMask = 2147483647;
			files = (
			);
			runOnlyForDeploymentPostprocessing = 0;
		};
		1DAB6287254FA479005E46D8 /* Frameworks */ = {
			isa = PBXFrameworksBuildPhase;
			buildActionMask = 2147483647;
			files = (
			);
			runOnlyForDeploymentPostprocessing = 0;
		};
		1DAB6292254FA479005E46D8 /* Frameworks */ = {
			isa = PBXFrameworksBuildPhase;
			buildActionMask = 2147483647;
			files = (
			);
			runOnlyForDeploymentPostprocessing = 0;
		};
/* End PBXFrameworksBuildPhase section */

/* Begin PBXGroup section */
		1D1BA920256248A300B3E414 /* TimeBlocker */ = {
			isa = PBXGroup;
			children = (
				1D1BA8FE2560AEBB00B3E414 /* TimeBlockerView.swift */,
				1D4B9A762563778200155F99 /* TimeBlockerModel.swift */,
				1D4B9A7D256377B600155F99 /* TimeBlockerSetupView.swift */,
			);
			path = TimeBlocker;
			sourceTree = "<group>";
		};
		1D3A439E2557808600882F8D /* Planner */ = {
			isa = PBXGroup;
			children = (
				1D3A439F2557809C00882F8D /* PlannerView.swift */,
				1D3A43822557352100882F8D /* NowView.swift */,
				1D3A43AA255780BD00882F8D /* DisplaySelectedDateView.swift */,
			);
			path = Planner;
			sourceTree = "<group>";
		};
		1D3A43B92557818100882F8D /* Timeline */ = {
			isa = PBXGroup;
			children = (
				1DAB62B8254FA4C7005E46D8 /* TimelineView.swift */,
				1D47D4AA2554721A00494762 /* DailyActivityBricksView.swift */,
			);
			path = Timeline;
			sourceTree = "<group>";
		};
		1DAB626A254FA478005E46D8 = {
			isa = PBXGroup;
			children = (
				1DAB626F254FA478005E46D8 /* Shared */,
				1DAB627C254FA479005E46D8 /* iOS */,
				1DAB6283254FA479005E46D8 /* macOS */,
				1DAB628D254FA479005E46D8 /* Tests iOS */,
				1DAB6298254FA479005E46D8 /* Tests macOS */,
				1DAB627B254FA479005E46D8 /* Products */,
			);
			sourceTree = "<group>";
		};
		1DAB626F254FA478005E46D8 /* Shared */ = {
			isa = PBXGroup;
			children = (
				1DAB6272254FA479005E46D8 /* GolosApp.swift */,
				1DAB62C3254FA685005E46D8 /* Sidebar.swift */,
				1DAB6273254FA479005E46D8 /* ContentView.swift */,
				1DAB62DE254FABDD005E46D8 /* Overview.swift */,
				1D1BA9092560AEE700B3E414 /* SetupView.swift */,
				1D1BA920256248A300B3E414 /* TimeBlocker */,
				1D3A439E2557808600882F8D /* Planner */,
				1D3A43B92557818100882F8D /* Timeline */,
				1DB06D612555F05B003AA366 /* Shapes */,
				1D78192B25563FF70054BB00 /* Extensions.swift */,
				1DAB6275254FA479005E46D8 /* Assets.xcassets */,
				1DAB6270254FA479005E46D8 /* Golos.xcdatamodeld */,
				1DAB6274254FA479005E46D8 /* Persistence.swift */,
				1D3A439525574B0D00882F8D /* Exploration.playground */,
			);
			path = Shared;
			sourceTree = "<group>";
		};
		1DAB627B254FA479005E46D8 /* Products */ = {
			isa = PBXGroup;
			children = (
				1DAB627A254FA479005E46D8 /* Golos.app */,
				1DAB6282254FA479005E46D8 /* Golos.app */,
				1DAB628A254FA479005E46D8 /* Tests iOS.xctest */,
				1DAB6295254FA479005E46D8 /* Tests macOS.xctest */,
			);
			name = Products;
			sourceTree = "<group>";
		};
		1DAB627C254FA479005E46D8 /* iOS */ = {
			isa = PBXGroup;
			children = (
				1DAB627D254FA479005E46D8 /* Info.plist */,
			);
			path = iOS;
			sourceTree = "<group>";
		};
		1DAB6283254FA479005E46D8 /* macOS */ = {
			isa = PBXGroup;
			children = (
				1DAB6284254FA479005E46D8 /* Info.plist */,
				1DAB6285254FA479005E46D8 /* macOS.entitlements */,
			);
			path = macOS;
			sourceTree = "<group>";
		};
		1DAB628D254FA479005E46D8 /* Tests iOS */ = {
			isa = PBXGroup;
			children = (
				1DAB628E254FA479005E46D8 /* Tests_iOS.swift */,
				1DAB6290254FA479005E46D8 /* Info.plist */,
			);
			path = "Tests iOS";
			sourceTree = "<group>";
		};
		1DAB6298254FA479005E46D8 /* Tests macOS */ = {
			isa = PBXGroup;
			children = (
				1DAB6299254FA479005E46D8 /* Tests_macOS.swift */,
				1DAB629B254FA479005E46D8 /* Info.plist */,
			);
			path = "Tests macOS";
			sourceTree = "<group>";
		};
		1DB06D612555F05B003AA366 /* Shapes */ = {
			isa = PBXGroup;
			children = (
				1DFE37572555F47D002B6491 /* SquareBrick.swift */,
				1DFE375E2555F6D5002B6491 /* RingShape.swift */,
			);
			path = Shapes;
			sourceTree = "<group>";
		};
/* End PBXGroup section */

/* Begin PBXNativeTarget section */
		1DAB6279254FA479005E46D8 /* Golos (iOS) */ = {
			isa = PBXNativeTarget;
			buildConfigurationList = 1DAB62A8254FA479005E46D8 /* Build configuration list for PBXNativeTarget "Golos (iOS)" */;
			buildPhases = (
				1DAB6276254FA479005E46D8 /* Sources */,
				1DAB6277254FA479005E46D8 /* Frameworks */,
				1DAB6278254FA479005E46D8 /* Resources */,
			);
			buildRules = (
			);
			dependencies = (
			);
			name = "Golos (iOS)";
			productName = "Golos (iOS)";
			productReference = 1DAB627A254FA479005E46D8 /* Golos.app */;
			productType = "com.apple.product-type.application";
		};
		1DAB6281254FA479005E46D8 /* Golos (macOS) */ = {
			isa = PBXNativeTarget;
			buildConfigurationList = 1DAB62AB254FA479005E46D8 /* Build configuration list for PBXNativeTarget "Golos (macOS)" */;
			buildPhases = (
				1DAB627E254FA479005E46D8 /* Sources */,
				1DAB627F254FA479005E46D8 /* Frameworks */,
				1DAB6280254FA479005E46D8 /* Resources */,
			);
			buildRules = (
			);
			dependencies = (
			);
			name = "Golos (macOS)";
			productName = "Golos (macOS)";
			productReference = 1DAB6282254FA479005E46D8 /* Golos.app */;
			productType = "com.apple.product-type.application";
		};
		1DAB6289254FA479005E46D8 /* Tests iOS */ = {
			isa = PBXNativeTarget;
			buildConfigurationList = 1DAB62AE254FA479005E46D8 /* Build configuration list for PBXNativeTarget "Tests iOS" */;
			buildPhases = (
				1DAB6286254FA479005E46D8 /* Sources */,
				1DAB6287254FA479005E46D8 /* Frameworks */,
				1DAB6288254FA479005E46D8 /* Resources */,
			);
			buildRules = (
			);
			dependencies = (
				1DAB628C254FA479005E46D8 /* PBXTargetDependency */,
			);
			name = "Tests iOS";
			productName = "Tests iOS";
			productReference = 1DAB628A254FA479005E46D8 /* Tests iOS.xctest */;
			productType = "com.apple.product-type.bundle.ui-testing";
		};
		1DAB6294254FA479005E46D8 /* Tests macOS */ = {
			isa = PBXNativeTarget;
			buildConfigurationList = 1DAB62B1254FA479005E46D8 /* Build configuration list for PBXNativeTarget "Tests macOS" */;
			buildPhases = (
				1DAB6291254FA479005E46D8 /* Sources */,
				1DAB6292254FA479005E46D8 /* Frameworks */,
				1DAB6293254FA479005E46D8 /* Resources */,
			);
			buildRules = (
			);
			dependencies = (
				1DAB6297254FA479005E46D8 /* PBXTargetDependency */,
			);
			name = "Tests macOS";
			productName = "Tests macOS";
			productReference = 1DAB6295254FA479005E46D8 /* Tests macOS.xctest */;
			productType = "com.apple.product-type.bundle.ui-testing";
		};
/* End PBXNativeTarget section */

/* Begin PBXProject section */
		1DAB626B254FA478005E46D8 /* Project object */ = {
			isa = PBXProject;
			attributes = {
				LastSwiftUpdateCheck = 1220;
				LastUpgradeCheck = 1220;
				TargetAttributes = {
					1DAB6279254FA479005E46D8 = {
						CreatedOnToolsVersion = 12.2;
					};
					1DAB6281254FA479005E46D8 = {
						CreatedOnToolsVersion = 12.2;
					};
					1DAB6289254FA479005E46D8 = {
						CreatedOnToolsVersion = 12.2;
						TestTargetID = 1DAB6279254FA479005E46D8;
					};
					1DAB6294254FA479005E46D8 = {
						CreatedOnToolsVersion = 12.2;
						TestTargetID = 1DAB6281254FA479005E46D8;
					};
				};
			};
			buildConfigurationList = 1DAB626E254FA478005E46D8 /* Build configuration list for PBXProject "Golos" */;
			compatibilityVersion = "Xcode 9.3";
			developmentRegion = en;
			hasScannedForEncodings = 0;
			knownRegions = (
				en,
				Base,
			);
			mainGroup = 1DAB626A254FA478005E46D8;
			productRefGroup = 1DAB627B254FA479005E46D8 /* Products */;
			projectDirPath = "";
			projectRoot = "";
			targets = (
				1DAB6279254FA479005E46D8 /* Golos (iOS) */,
				1DAB6281254FA479005E46D8 /* Golos (macOS) */,
				1DAB6289254FA479005E46D8 /* Tests iOS */,
				1DAB6294254FA479005E46D8 /* Tests macOS */,
			);
		};
/* End PBXProject section */

/* Begin PBXResourcesBuildPhase section */
		1DAB6278254FA479005E46D8 /* Resources */ = {
			isa = PBXResourcesBuildPhase;
			buildActionMask = 2147483647;
			files = (
				1DAB62A4254FA479005E46D8 /* Assets.xcassets in Resources */,
			);
			runOnlyForDeploymentPostprocessing = 0;
		};
		1DAB6280254FA479005E46D8 /* Resources */ = {
			isa = PBXResourcesBuildPhase;
			buildActionMask = 2147483647;
			files = (
				1DAB62A5254FA479005E46D8 /* Assets.xcassets in Resources */,
			);
			runOnlyForDeploymentPostprocessing = 0;
		};
		1DAB6288254FA479005E46D8 /* Resources */ = {
			isa = PBXResourcesBuildPhase;
			buildActionMask = 2147483647;
			files = (
			);
			runOnlyForDeploymentPostprocessing = 0;
		};
		1DAB6293254FA479005E46D8 /* Resources */ = {
			isa = PBXResourcesBuildPhase;
			buildActionMask = 2147483647;
			files = (
			);
			runOnlyForDeploymentPostprocessing = 0;
		};
/* End PBXResourcesBuildPhase section */

/* Begin PBXSourcesBuildPhase section */
		1DAB6276254FA479005E46D8 /* Sources */ = {
			isa = PBXSourcesBuildPhase;
			buildActionMask = 2147483647;
			files = (
				1DAB629E254FA479005E46D8 /* GolosApp.swift in Sources */,
				1DFE375F2555F6D5002B6491 /* RingShape.swift in Sources */,
				1D3A43A02557809C00882F8D /* PlannerView.swift in Sources */,
				1D47D4AB2554721A00494762 /* DailyActivityBricksView.swift in Sources */,
				1D4B9A772563778200155F99 /* TimeBlockerModel.swift in Sources */,
				1DFE37582555F47D002B6491 /* SquareBrick.swift in Sources */,
				1D1BA90A2560AEE700B3E414 /* SetupView.swift in Sources */,
				1DAB62A2254FA479005E46D8 /* Persistence.swift in Sources */,
				1D3A43AB255780BD00882F8D /* DisplaySelectedDateView.swift in Sources */,
				1DAB629C254FA479005E46D8 /* Golos.xcdatamodeld in Sources */,
				1D4B9A7E256377B600155F99 /* TimeBlockerSetupView.swift in Sources */,
				1DAB62DF254FABDD005E46D8 /* Overview.swift in Sources */,
				1DAB62B9254FA4C7005E46D8 /* TimelineView.swift in Sources */,
				1DAB62C4254FA685005E46D8 /* Sidebar.swift in Sources */,
				1D78192C25563FF70054BB00 /* Extensions.swift in Sources */,
				1D1BA8FF2560AEBB00B3E414 /* TimeBlockerView.swift in Sources */,
				1DAB62A0254FA479005E46D8 /* ContentView.swift in Sources */,
				1D3A43832557352100882F8D /* NowView.swift in Sources */,
			);
			runOnlyForDeploymentPostprocessing = 0;
		};
		1DAB627E254FA479005E46D8 /* Sources */ = {
			isa = PBXSourcesBuildPhase;
			buildActionMask = 2147483647;
			files = (
				1DAB629F254FA479005E46D8 /* GolosApp.swift in Sources */,
				1DFE37602555F6D5002B6491 /* RingShape.swift in Sources */,
				1D3A43A12557809C00882F8D /* PlannerView.swift in Sources */,
				1D47D4AC2554721A00494762 /* DailyActivityBricksView.swift in Sources */,
				1D4B9A782563778200155F99 /* TimeBlockerModel.swift in Sources */,
				1DFE37592555F47D002B6491 /* SquareBrick.swift in Sources */,
				1D1BA90B2560AEE700B3E414 /* SetupView.swift in Sources */,
				1DAB62A3254FA479005E46D8 /* Persistence.swift in Sources */,
				1D3A43AC255780BD00882F8D /* DisplaySelectedDateView.swift in Sources */,
				1DAB629D254FA479005E46D8 /* Golos.xcdatamodeld in Sources */,
				1D4B9A7F256377B600155F99 /* TimeBlockerSetupView.swift in Sources */,
				1DAB62E0254FABDD005E46D8 /* Overview.swift in Sources */,
				1DAB62BA254FA4C7005E46D8 /* TimelineView.swift in Sources */,
				1DAB62C5254FA685005E46D8 /* Sidebar.swift in Sources */,
				1D78192D25563FF70054BB00 /* Extensions.swift in Sources */,
				1D1BA9002560AEBB00B3E414 /* TimeBlockerView.swift in Sources */,
				1DAB62A1254FA479005E46D8 /* ContentView.swift in Sources */,
				1D3A43842557352100882F8D /* NowView.swift in Sources */,
			);
			runOnlyForDeploymentPostprocessing = 0;
		};
		1DAB6286254FA479005E46D8 /* Sources */ = {
			isa = PBXSourcesBuildPhase;
			buildActionMask = 2147483647;
			files = (
				1DAB628F254FA479005E46D8 /* Tests_iOS.swift in Sources */,
			);
			runOnlyForDeploymentPostprocessing = 0;
		};
		1DAB6291254FA479005E46D8 /* Sources */ = {
			isa = PBXSourcesBuildPhase;
			buildActionMask = 2147483647;
			files = (
				1DAB629A254FA479005E46D8 /* Tests_macOS.swift in Sources */,
			);
			runOnlyForDeploymentPostprocessing = 0;
		};
/* End PBXSourcesBuildPhase section */

/* Begin PBXTargetDependency section */
		1DAB628C254FA479005E46D8 /* PBXTargetDependency */ = {
			isa = PBXTargetDependency;
			target = 1DAB6279254FA479005E46D8 /* Golos (iOS) */;
			targetProxy = 1DAB628B254FA479005E46D8 /* PBXContainerItemProxy */;
		};
		1DAB6297254FA479005E46D8 /* PBXTargetDependency */ = {
			isa = PBXTargetDependency;
			target = 1DAB6281254FA479005E46D8 /* Golos (macOS) */;
			targetProxy = 1DAB6296254FA479005E46D8 /* PBXContainerItemProxy */;
		};
/* End PBXTargetDependency section */

/* Begin XCBuildConfiguration section */
		1DAB62A6254FA479005E46D8 /* Debug */ = {
			isa = XCBuildConfiguration;
			buildSettings = {
				ALWAYS_SEARCH_USER_PATHS = NO;
				CLANG_ANALYZER_NONNULL = YES;
				CLANG_ANALYZER_NUMBER_OBJECT_CONVERSION = YES_AGGRESSIVE;
				CLANG_CXX_LANGUAGE_STANDARD = "gnu++14";
				CLANG_CXX_LIBRARY = "libc++";
				CLANG_ENABLE_MODULES = YES;
				CLANG_ENABLE_OBJC_ARC = YES;
				CLANG_ENABLE_OBJC_WEAK = YES;
				CLANG_WARN_BLOCK_CAPTURE_AUTORELEASING = YES;
				CLANG_WARN_BOOL_CONVERSION = YES;
				CLANG_WARN_COMMA = YES;
				CLANG_WARN_CONSTANT_CONVERSION = YES;
				CLANG_WARN_DEPRECATED_OBJC_IMPLEMENTATIONS = YES;
				CLANG_WARN_DIRECT_OBJC_ISA_USAGE = YES_ERROR;
				CLANG_WARN_DOCUMENTATION_COMMENTS = YES;
				CLANG_WARN_EMPTY_BODY = YES;
				CLANG_WARN_ENUM_CONVERSION = YES;
				CLANG_WARN_INFINITE_RECURSION = YES;
				CLANG_WARN_INT_CONVERSION = YES;
				CLANG_WARN_NON_LITERAL_NULL_CONVERSION = YES;
				CLANG_WARN_OBJC_IMPLICIT_RETAIN_SELF = YES;
				CLANG_WARN_OBJC_LITERAL_CONVERSION = YES;
				CLANG_WARN_OBJC_ROOT_CLASS = YES_ERROR;
				CLANG_WARN_QUOTED_INCLUDE_IN_FRAMEWORK_HEADER = YES;
				CLANG_WARN_RANGE_LOOP_ANALYSIS = YES;
				CLANG_WARN_STRICT_PROTOTYPES = YES;
				CLANG_WARN_SUSPICIOUS_MOVE = YES;
				CLANG_WARN_UNGUARDED_AVAILABILITY = YES_AGGRESSIVE;
				CLANG_WARN_UNREACHABLE_CODE = YES;
				CLANG_WARN__DUPLICATE_METHOD_MATCH = YES;
				COPY_PHASE_STRIP = NO;
				DEBUG_INFORMATION_FORMAT = dwarf;
				ENABLE_STRICT_OBJC_MSGSEND = YES;
				ENABLE_TESTABILITY = YES;
				GCC_C_LANGUAGE_STANDARD = gnu11;
				GCC_DYNAMIC_NO_PIC = NO;
				GCC_NO_COMMON_BLOCKS = YES;
				GCC_OPTIMIZATION_LEVEL = 0;
				GCC_PREPROCESSOR_DEFINITIONS = (
					"DEBUG=1",
					"$(inherited)",
				);
				GCC_WARN_64_TO_32_BIT_CONVERSION = YES;
				GCC_WARN_ABOUT_RETURN_TYPE = YES_ERROR;
				GCC_WARN_UNDECLARED_SELECTOR = YES;
				GCC_WARN_UNINITIALIZED_AUTOS = YES_AGGRESSIVE;
				GCC_WARN_UNUSED_FUNCTION = YES;
				GCC_WARN_UNUSED_VARIABLE = YES;
				MTL_ENABLE_DEBUG_INFO = INCLUDE_SOURCE;
				MTL_FAST_MATH = YES;
				ONLY_ACTIVE_ARCH = YES;
				SWIFT_ACTIVE_COMPILATION_CONDITIONS = DEBUG;
				SWIFT_OPTIMIZATION_LEVEL = "-Onone";
			};
			name = Debug;
		};
		1DAB62A7254FA479005E46D8 /* Release */ = {
			isa = XCBuildConfiguration;
			buildSettings = {
				ALWAYS_SEARCH_USER_PATHS = NO;
				CLANG_ANALYZER_NONNULL = YES;
				CLANG_ANALYZER_NUMBER_OBJECT_CONVERSION = YES_AGGRESSIVE;
				CLANG_CXX_LANGUAGE_STANDARD = "gnu++14";
				CLANG_CXX_LIBRARY = "libc++";
				CLANG_ENABLE_MODULES = YES;
				CLANG_ENABLE_OBJC_ARC = YES;
				CLANG_ENABLE_OBJC_WEAK = YES;
				CLANG_WARN_BLOCK_CAPTURE_AUTORELEASING = YES;
				CLANG_WARN_BOOL_CONVERSION = YES;
				CLANG_WARN_COMMA = YES;
				CLANG_WARN_CONSTANT_CONVERSION = YES;
				CLANG_WARN_DEPRECATED_OBJC_IMPLEMENTATIONS = YES;
				CLANG_WARN_DIRECT_OBJC_ISA_USAGE = YES_ERROR;
				CLANG_WARN_DOCUMENTATION_COMMENTS = YES;
				CLANG_WARN_EMPTY_BODY = YES;
				CLANG_WARN_ENUM_CONVERSION = YES;
				CLANG_WARN_INFINITE_RECURSION = YES;
				CLANG_WARN_INT_CONVERSION = YES;
				CLANG_WARN_NON_LITERAL_NULL_CONVERSION = YES;
				CLANG_WARN_OBJC_IMPLICIT_RETAIN_SELF = YES;
				CLANG_WARN_OBJC_LITERAL_CONVERSION = YES;
				CLANG_WARN_OBJC_ROOT_CLASS = YES_ERROR;
				CLANG_WARN_QUOTED_INCLUDE_IN_FRAMEWORK_HEADER = YES;
				CLANG_WARN_RANGE_LOOP_ANALYSIS = YES;
				CLANG_WARN_STRICT_PROTOTYPES = YES;
				CLANG_WARN_SUSPICIOUS_MOVE = YES;
				CLANG_WARN_UNGUARDED_AVAILABILITY = YES_AGGRESSIVE;
				CLANG_WARN_UNREACHABLE_CODE = YES;
				CLANG_WARN__DUPLICATE_METHOD_MATCH = YES;
				COPY_PHASE_STRIP = NO;
				DEBUG_INFORMATION_FORMAT = "dwarf-with-dsym";
				ENABLE_NS_ASSERTIONS = NO;
				ENABLE_STRICT_OBJC_MSGSEND = YES;
				GCC_C_LANGUAGE_STANDARD = gnu11;
				GCC_NO_COMMON_BLOCKS = YES;
				GCC_WARN_64_TO_32_BIT_CONVERSION = YES;
				GCC_WARN_ABOUT_RETURN_TYPE = YES_ERROR;
				GCC_WARN_UNDECLARED_SELECTOR = YES;
				GCC_WARN_UNINITIALIZED_AUTOS = YES_AGGRESSIVE;
				GCC_WARN_UNUSED_FUNCTION = YES;
				GCC_WARN_UNUSED_VARIABLE = YES;
				MTL_ENABLE_DEBUG_INFO = NO;
				MTL_FAST_MATH = YES;
				SWIFT_COMPILATION_MODE = wholemodule;
				SWIFT_OPTIMIZATION_LEVEL = "-O";
			};
			name = Release;
		};
		1DAB62A9254FA479005E46D8 /* Debug */ = {
			isa = XCBuildConfiguration;
			buildSettings = {
				ASSETCATALOG_COMPILER_APPICON_NAME = AppIcon;
				ASSETCATALOG_COMPILER_GLOBAL_ACCENT_COLOR_NAME = AccentColor;
				CODE_SIGN_STYLE = Automatic;
				DEVELOPMENT_TEAM = AFEX2H2TBN;
				ENABLE_PREVIEWS = YES;
				INFOPLIST_FILE = iOS/Info.plist;
				IPHONEOS_DEPLOYMENT_TARGET = 14.0;
				LD_RUNPATH_SEARCH_PATHS = (
					"$(inherited)",
					"@executable_path/Frameworks",
				);
				PRODUCT_BUNDLE_IDENTIFIER = green.felix.Golos;
				PRODUCT_NAME = Golos;
				SDKROOT = iphoneos;
				SWIFT_VERSION = 5.0;
				TARGETED_DEVICE_FAMILY = "1,2";
			};
			name = Debug;
		};
		1DAB62AA254FA479005E46D8 /* Release */ = {
			isa = XCBuildConfiguration;
			buildSettings = {
				ASSETCATALOG_COMPILER_APPICON_NAME = AppIcon;
				ASSETCATALOG_COMPILER_GLOBAL_ACCENT_COLOR_NAME = AccentColor;
				CODE_SIGN_STYLE = Automatic;
				DEVELOPMENT_TEAM = AFEX2H2TBN;
				ENABLE_PREVIEWS = YES;
				INFOPLIST_FILE = iOS/Info.plist;
				IPHONEOS_DEPLOYMENT_TARGET = 14.0;
				LD_RUNPATH_SEARCH_PATHS = (
					"$(inherited)",
					"@executable_path/Frameworks",
				);
				PRODUCT_BUNDLE_IDENTIFIER = green.felix.Golos;
				PRODUCT_NAME = Golos;
				SDKROOT = iphoneos;
				SWIFT_VERSION = 5.0;
				TARGETED_DEVICE_FAMILY = "1,2";
				VALIDATE_PRODUCT = YES;
			};
			name = Release;
		};
		1DAB62AC254FA479005E46D8 /* Debug */ = {
			isa = XCBuildConfiguration;
			buildSettings = {
				ASSETCATALOG_COMPILER_APPICON_NAME = AppIcon;
				ASSETCATALOG_COMPILER_GLOBAL_ACCENT_COLOR_NAME = AccentColor;
				CODE_SIGN_ENTITLEMENTS = macOS/macOS.entitlements;
				CODE_SIGN_STYLE = Automatic;
				COMBINE_HIDPI_IMAGES = YES;
				DEVELOPMENT_TEAM = AFEX2H2TBN;
				ENABLE_HARDENED_RUNTIME = YES;
				ENABLE_PREVIEWS = YES;
				INFOPLIST_FILE = macOS/Info.plist;
				LD_RUNPATH_SEARCH_PATHS = (
					"$(inherited)",
					"@executable_path/../Frameworks",
				);
				MACOSX_DEPLOYMENT_TARGET = 11.0;
				PRODUCT_BUNDLE_IDENTIFIER = green.felix.Golos;
				PRODUCT_NAME = Golos;
				SDKROOT = macosx;
				SWIFT_VERSION = 5.0;
			};
			name = Debug;
		};
		1DAB62AD254FA479005E46D8 /* Release */ = {
			isa = XCBuildConfiguration;
			buildSettings = {
				ASSETCATALOG_COMPILER_APPICON_NAME = AppIcon;
				ASSETCATALOG_COMPILER_GLOBAL_ACCENT_COLOR_NAME = AccentColor;
				CODE_SIGN_ENTITLEMENTS = macOS/macOS.entitlements;
				CODE_SIGN_STYLE = Automatic;
				COMBINE_HIDPI_IMAGES = YES;
				DEVELOPMENT_TEAM = AFEX2H2TBN;
				ENABLE_HARDENED_RUNTIME = YES;
				ENABLE_PREVIEWS = YES;
				INFOPLIST_FILE = macOS/Info.plist;
				LD_RUNPATH_SEARCH_PATHS = (
					"$(inherited)",
					"@executable_path/../Frameworks",
				);
				MACOSX_DEPLOYMENT_TARGET = 11.0;
				PRODUCT_BUNDLE_IDENTIFIER = green.felix.Golos;
				PRODUCT_NAME = Golos;
				SDKROOT = macosx;
				SWIFT_VERSION = 5.0;
			};
			name = Release;
		};
		1DAB62AF254FA479005E46D8 /* Debug */ = {
			isa = XCBuildConfiguration;
			buildSettings = {
				ALWAYS_EMBED_SWIFT_STANDARD_LIBRARIES = YES;
				CODE_SIGN_STYLE = Automatic;
				DEVELOPMENT_TEAM = AFEX2H2TBN;
				INFOPLIST_FILE = "Tests iOS/Info.plist";
				IPHONEOS_DEPLOYMENT_TARGET = 14.2;
				LD_RUNPATH_SEARCH_PATHS = (
					"$(inherited)",
					"@executable_path/Frameworks",
					"@loader_path/Frameworks",
				);
				PRODUCT_BUNDLE_IDENTIFIER = "green.felix.Tests-iOS";
				PRODUCT_NAME = "$(TARGET_NAME)";
				SDKROOT = iphoneos;
				SWIFT_VERSION = 5.0;
				TARGETED_DEVICE_FAMILY = "1,2";
				TEST_TARGET_NAME = "Golos (iOS)";
			};
			name = Debug;
		};
		1DAB62B0254FA479005E46D8 /* Release */ = {
			isa = XCBuildConfiguration;
			buildSettings = {
				ALWAYS_EMBED_SWIFT_STANDARD_LIBRARIES = YES;
				CODE_SIGN_STYLE = Automatic;
				DEVELOPMENT_TEAM = AFEX2H2TBN;
				INFOPLIST_FILE = "Tests iOS/Info.plist";
				IPHONEOS_DEPLOYMENT_TARGET = 14.2;
				LD_RUNPATH_SEARCH_PATHS = (
					"$(inherited)",
					"@executable_path/Frameworks",
					"@loader_path/Frameworks",
				);
				PRODUCT_BUNDLE_IDENTIFIER = "green.felix.Tests-iOS";
				PRODUCT_NAME = "$(TARGET_NAME)";
				SDKROOT = iphoneos;
				SWIFT_VERSION = 5.0;
				TARGETED_DEVICE_FAMILY = "1,2";
				TEST_TARGET_NAME = "Golos (iOS)";
				VALIDATE_PRODUCT = YES;
			};
			name = Release;
		};
		1DAB62B2254FA479005E46D8 /* Debug */ = {
			isa = XCBuildConfiguration;
			buildSettings = {
				ALWAYS_EMBED_SWIFT_STANDARD_LIBRARIES = YES;
				CODE_SIGN_STYLE = Automatic;
				COMBINE_HIDPI_IMAGES = YES;
				DEVELOPMENT_TEAM = AFEX2H2TBN;
				INFOPLIST_FILE = "Tests macOS/Info.plist";
				LD_RUNPATH_SEARCH_PATHS = (
					"$(inherited)",
					"@executable_path/../Frameworks",
					"@loader_path/../Frameworks",
				);
				MACOSX_DEPLOYMENT_TARGET = 11.0;
				PRODUCT_BUNDLE_IDENTIFIER = "green.felix.Tests-macOS";
				PRODUCT_NAME = "$(TARGET_NAME)";
				SDKROOT = macosx;
				SWIFT_VERSION = 5.0;
				TEST_TARGET_NAME = "Golos (macOS)";
			};
			name = Debug;
		};
		1DAB62B3254FA479005E46D8 /* Release */ = {
			isa = XCBuildConfiguration;
			buildSettings = {
				ALWAYS_EMBED_SWIFT_STANDARD_LIBRARIES = YES;
				CODE_SIGN_STYLE = Automatic;
				COMBINE_HIDPI_IMAGES = YES;
				DEVELOPMENT_TEAM = AFEX2H2TBN;
				INFOPLIST_FILE = "Tests macOS/Info.plist";
				LD_RUNPATH_SEARCH_PATHS = (
					"$(inherited)",
					"@executable_path/../Frameworks",
					"@loader_path/../Frameworks",
				);
				MACOSX_DEPLOYMENT_TARGET = 11.0;
				PRODUCT_BUNDLE_IDENTIFIER = "green.felix.Tests-macOS";
				PRODUCT_NAME = "$(TARGET_NAME)";
				SDKROOT = macosx;
				SWIFT_VERSION = 5.0;
				TEST_TARGET_NAME = "Golos (macOS)";
			};
			name = Release;
		};
/* End XCBuildConfiguration section */

/* Begin XCConfigurationList section */
		1DAB626E254FA478005E46D8 /* Build configuration list for PBXProject "Golos" */ = {
			isa = XCConfigurationList;
			buildConfigurations = (
				1DAB62A6254FA479005E46D8 /* Debug */,
				1DAB62A7254FA479005E46D8 /* Release */,
			);
			defaultConfigurationIsVisible = 0;
			defaultConfigurationName = Release;
		};
		1DAB62A8254FA479005E46D8 /* Build configuration list for PBXNativeTarget "Golos (iOS)" */ = {
			isa = XCConfigurationList;
			buildConfigurations = (
				1DAB62A9254FA479005E46D8 /* Debug */,
				1DAB62AA254FA479005E46D8 /* Release */,
			);
			defaultConfigurationIsVisible = 0;
			defaultConfigurationName = Release;
		};
		1DAB62AB254FA479005E46D8 /* Build configuration list for PBXNativeTarget "Golos (macOS)" */ = {
			isa = XCConfigurationList;
			buildConfigurations = (
				1DAB62AC254FA479005E46D8 /* Debug */,
				1DAB62AD254FA479005E46D8 /* Release */,
			);
			defaultConfigurationIsVisible = 0;
			defaultConfigurationName = Release;
		};
		1DAB62AE254FA479005E46D8 /* Build configuration list for PBXNativeTarget "Tests iOS" */ = {
			isa = XCConfigurationList;
			buildConfigurations = (
				1DAB62AF254FA479005E46D8 /* Debug */,
				1DAB62B0254FA479005E46D8 /* Release */,
			);
			defaultConfigurationIsVisible = 0;
			defaultConfigurationName = Release;
		};
		1DAB62B1254FA479005E46D8 /* Build configuration list for PBXNativeTarget "Tests macOS" */ = {
			isa = XCConfigurationList;
			buildConfigurations = (
				1DAB62B2254FA479005E46D8 /* Debug */,
				1DAB62B3254FA479005E46D8 /* Release */,
			);
			defaultConfigurationIsVisible = 0;
			defaultConfigurationName = Release;
		};
/* End XCConfigurationList section */

/* Begin XCVersionGroup section */
		1DAB6270254FA479005E46D8 /* Golos.xcdatamodeld */ = {
			isa = XCVersionGroup;
			children = (
				1DAB6271254FA479005E46D8 /* Shared.xcdatamodel */,
			);
			currentVersion = 1DAB6271254FA479005E46D8 /* Shared.xcdatamodel */;
			path = Golos.xcdatamodeld;
			sourceTree = "<group>";
			versionGroupType = wrapper.xcdatamodel;
		};
/* End XCVersionGroup section */
	};
	rootObject = 1DAB626B254FA478005E46D8 /* Project object */;
}
