// !$*UTF8*$!
{
	archiveVersion = 1;
	classes = {
	};
	objectVersion = 50;
	objects = {

/* Begin PBXBuildFile section */
		1DC6501C259AD07A00D9A1EE /* golOSApp.swift in Sources */ = {isa = PBXBuildFile; fileRef = 1DC65009259AD07800D9A1EE /* golOSApp.swift */; };
		1DC6501D259AD07A00D9A1EE /* golOSApp.swift in Sources */ = {isa = PBXBuildFile; fileRef = 1DC65009259AD07800D9A1EE /* golOSApp.swift */; };
		1DC6501E259AD07A00D9A1EE /* ContentView.swift in Sources */ = {isa = PBXBuildFile; fileRef = 1DC6500A259AD07800D9A1EE /* ContentView.swift */; };
		1DC6501F259AD07A00D9A1EE /* ContentView.swift in Sources */ = {isa = PBXBuildFile; fileRef = 1DC6500A259AD07800D9A1EE /* ContentView.swift */; };
		1DC65020259AD07A00D9A1EE /* Assets.xcassets in Resources */ = {isa = PBXBuildFile; fileRef = 1DC6500B259AD07A00D9A1EE /* Assets.xcassets */; };
		1DC65021259AD07A00D9A1EE /* Assets.xcassets in Resources */ = {isa = PBXBuildFile; fileRef = 1DC6500B259AD07A00D9A1EE /* Assets.xcassets */; };
/* End PBXBuildFile section */

/* Begin PBXFileReference section */
		1DC65009259AD07800D9A1EE /* golOSApp.swift */ = {isa = PBXFileReference; lastKnownFileType = sourcecode.swift; path = golOSApp.swift; sourceTree = "<group>"; };
		1DC6500A259AD07800D9A1EE /* ContentView.swift */ = {isa = PBXFileReference; lastKnownFileType = sourcecode.swift; path = ContentView.swift; sourceTree = "<group>"; };
		1DC6500B259AD07A00D9A1EE /* Assets.xcassets */ = {isa = PBXFileReference; lastKnownFileType = folder.assetcatalog; path = Assets.xcassets; sourceTree = "<group>"; };
		1DC65010259AD07A00D9A1EE /* golOS.app */ = {isa = PBXFileReference; explicitFileType = wrapper.application; includeInIndex = 0; path = golOS.app; sourceTree = BUILT_PRODUCTS_DIR; };
		1DC65013259AD07A00D9A1EE /* Info.plist */ = {isa = PBXFileReference; lastKnownFileType = text.plist.xml; path = Info.plist; sourceTree = "<group>"; };
		1DC65018259AD07A00D9A1EE /* golOS.app */ = {isa = PBXFileReference; explicitFileType = wrapper.application; includeInIndex = 0; path = golOS.app; sourceTree = BUILT_PRODUCTS_DIR; };
		1DC6501A259AD07A00D9A1EE /* Info.plist */ = {isa = PBXFileReference; lastKnownFileType = text.plist.xml; path = Info.plist; sourceTree = "<group>"; };
		1DC6501B259AD07A00D9A1EE /* macOS.entitlements */ = {isa = PBXFileReference; lastKnownFileType = text.plist.entitlements; path = macOS.entitlements; sourceTree = "<group>"; };
/* End PBXFileReference section */

/* Begin PBXFrameworksBuildPhase section */
		1DC6500D259AD07A00D9A1EE /* Frameworks */ = {
			isa = PBXFrameworksBuildPhase;
			buildActionMask = 2147483647;
			files = (
			);
			runOnlyForDeploymentPostprocessing = 0;
		};
		1DC65015259AD07A00D9A1EE /* Frameworks */ = {
			isa = PBXFrameworksBuildPhase;
			buildActionMask = 2147483647;
			files = (
			);
			runOnlyForDeploymentPostprocessing = 0;
		};
/* End PBXFrameworksBuildPhase section */

/* Begin PBXGroup section */
		1DC65003259AD07800D9A1EE = {
			isa = PBXGroup;
			children = (
				1DC65008259AD07800D9A1EE /* Shared */,
				1DC65012259AD07A00D9A1EE /* iOS */,
				1DC65019259AD07A00D9A1EE /* macOS */,
				1DC65011259AD07A00D9A1EE /* Products */,
			);
			sourceTree = "<group>";
		};
		1DC65008259AD07800D9A1EE /* Shared */ = {
			isa = PBXGroup;
			children = (
				1DC65009259AD07800D9A1EE /* golOSApp.swift */,
				1DC6500A259AD07800D9A1EE /* ContentView.swift */,
				1DC6500B259AD07A00D9A1EE /* Assets.xcassets */,
			);
			path = Shared;
			sourceTree = "<group>";
		};
		1DC65011259AD07A00D9A1EE /* Products */ = {
			isa = PBXGroup;
			children = (
				1DC65010259AD07A00D9A1EE /* golOS.app */,
				1DC65018259AD07A00D9A1EE /* golOS.app */,
			);
			name = Products;
			sourceTree = "<group>";
		};
		1DC65012259AD07A00D9A1EE /* iOS */ = {
			isa = PBXGroup;
			children = (
				1DC65013259AD07A00D9A1EE /* Info.plist */,
			);
			path = iOS;
			sourceTree = "<group>";
		};
		1DC65019259AD07A00D9A1EE /* macOS */ = {
			isa = PBXGroup;
			children = (
				1DC6501A259AD07A00D9A1EE /* Info.plist */,
				1DC6501B259AD07A00D9A1EE /* macOS.entitlements */,
			);
			path = macOS;
			sourceTree = "<group>";
		};
/* End PBXGroup section */

/* Begin PBXNativeTarget section */
		1DC6500F259AD07A00D9A1EE /* golOS (iOS) */ = {
			isa = PBXNativeTarget;
			buildConfigurationList = 1DC65024259AD07A00D9A1EE /* Build configuration list for PBXNativeTarget "golOS (iOS)" */;
			buildPhases = (
				1DC6500C259AD07A00D9A1EE /* Sources */,
				1DC6500D259AD07A00D9A1EE /* Frameworks */,
				1DC6500E259AD07A00D9A1EE /* Resources */,
			);
			buildRules = (
			);
			dependencies = (
			);
			name = "golOS (iOS)";
			productName = "golOS (iOS)";
			productReference = 1DC65010259AD07A00D9A1EE /* golOS.app */;
			productType = "com.apple.product-type.application";
		};
		1DC65017259AD07A00D9A1EE /* golOS (macOS) */ = {
			isa = PBXNativeTarget;
			buildConfigurationList = 1DC65027259AD07A00D9A1EE /* Build configuration list for PBXNativeTarget "golOS (macOS)" */;
			buildPhases = (
				1DC65014259AD07A00D9A1EE /* Sources */,
				1DC65015259AD07A00D9A1EE /* Frameworks */,
				1DC65016259AD07A00D9A1EE /* Resources */,
			);
			buildRules = (
			);
			dependencies = (
			);
			name = "golOS (macOS)";
			productName = "golOS (macOS)";
			productReference = 1DC65018259AD07A00D9A1EE /* golOS.app */;
			productType = "com.apple.product-type.application";
		};
/* End PBXNativeTarget section */

/* Begin PBXProject section */
		1DC65004259AD07800D9A1EE /* Project object */ = {
			isa = PBXProject;
			attributes = {
				LastSwiftUpdateCheck = 1230;
				LastUpgradeCheck = 1230;
				TargetAttributes = {
					1DC6500F259AD07A00D9A1EE = {
						CreatedOnToolsVersion = 12.3;
					};
					1DC65017259AD07A00D9A1EE = {
						CreatedOnToolsVersion = 12.3;
					};
				};
			};
			buildConfigurationList = 1DC65007259AD07800D9A1EE /* Build configuration list for PBXProject "golOS" */;
			compatibilityVersion = "Xcode 9.3";
			developmentRegion = en;
			hasScannedForEncodings = 0;
			knownRegions = (
				en,
				Base,
			);
			mainGroup = 1DC65003259AD07800D9A1EE;
			productRefGroup = 1DC65011259AD07A00D9A1EE /* Products */;
			projectDirPath = "";
			projectRoot = "";
			targets = (
				1DC6500F259AD07A00D9A1EE /* golOS (iOS) */,
				1DC65017259AD07A00D9A1EE /* golOS (macOS) */,
			);
		};
/* End PBXProject section */

/* Begin PBXResourcesBuildPhase section */
		1DC6500E259AD07A00D9A1EE /* Resources */ = {
			isa = PBXResourcesBuildPhase;
			buildActionMask = 2147483647;
			files = (
				1DC65020259AD07A00D9A1EE /* Assets.xcassets in Resources */,
			);
			runOnlyForDeploymentPostprocessing = 0;
		};
		1DC65016259AD07A00D9A1EE /* Resources */ = {
			isa = PBXResourcesBuildPhase;
			buildActionMask = 2147483647;
			files = (
				1DC65021259AD07A00D9A1EE /* Assets.xcassets in Resources */,
			);
			runOnlyForDeploymentPostprocessing = 0;
		};
/* End PBXResourcesBuildPhase section */

/* Begin PBXSourcesBuildPhase section */
		1DC6500C259AD07A00D9A1EE /* Sources */ = {
			isa = PBXSourcesBuildPhase;
			buildActionMask = 2147483647;
			files = (
				1DC6501E259AD07A00D9A1EE /* ContentView.swift in Sources */,
				1DC6501C259AD07A00D9A1EE /* golOSApp.swift in Sources */,
			);
			runOnlyForDeploymentPostprocessing = 0;
		};
		1DC65014259AD07A00D9A1EE /* Sources */ = {
			isa = PBXSourcesBuildPhase;
			buildActionMask = 2147483647;
			files = (
				1DC6501F259AD07A00D9A1EE /* ContentView.swift in Sources */,
				1DC6501D259AD07A00D9A1EE /* golOSApp.swift in Sources */,
			);
			runOnlyForDeploymentPostprocessing = 0;
		};
/* End PBXSourcesBuildPhase section */

/* Begin XCBuildConfiguration section */
		1DC65022259AD07A00D9A1EE /* Debug */ = {
			isa = XCBuildConfiguration;
			buildSettings = {
				ALWAYS_SEARCH_USER_PATHS = NO;
				CLANG_ANALYZER_NONNULL = YES;
				CLANG_ANALYZER_NUMBER_OBJECT_CONVERSION = YES_AGGRESSIVE;
				CLANG_CXX_LANGUAGE_STANDARD = "gnu++14";
				CLANG_CXX_LIBRARY = "libc++";
				CLANG_ENABLE_MODULES = YES;
				CLANG_ENABLE_OBJC_ARC = YES;
				CLANG_ENABLE_OBJC_WEAK = YES;
				CLANG_WARN_BLOCK_CAPTURE_AUTORELEASING = YES;
				CLANG_WARN_BOOL_CONVERSION = YES;
				CLANG_WARN_COMMA = YES;
				CLANG_WARN_CONSTANT_CONVERSION = YES;
				CLANG_WARN_DEPRECATED_OBJC_IMPLEMENTATIONS = YES;
				CLANG_WARN_DIRECT_OBJC_ISA_USAGE = YES_ERROR;
				CLANG_WARN_DOCUMENTATION_COMMENTS = YES;
				CLANG_WARN_EMPTY_BODY = YES;
				CLANG_WARN_ENUM_CONVERSION = YES;
				CLANG_WARN_INFINITE_RECURSION = YES;
				CLANG_WARN_INT_CONVERSION = YES;
				CLANG_WARN_NON_LITERAL_NULL_CONVERSION = YES;
				CLANG_WARN_OBJC_IMPLICIT_RETAIN_SELF = YES;
				CLANG_WARN_OBJC_LITERAL_CONVERSION = YES;
				CLANG_WARN_OBJC_ROOT_CLASS = YES_ERROR;
				CLANG_WARN_QUOTED_INCLUDE_IN_FRAMEWORK_HEADER = YES;
				CLANG_WARN_RANGE_LOOP_ANALYSIS = YES;
				CLANG_WARN_STRICT_PROTOTYPES = YES;
				CLANG_WARN_SUSPICIOUS_MOVE = YES;
				CLANG_WARN_UNGUARDED_AVAILABILITY = YES_AGGRESSIVE;
				CLANG_WARN_UNREACHABLE_CODE = YES;
				CLANG_WARN__DUPLICATE_METHOD_MATCH = YES;
				COPY_PHASE_STRIP = NO;
				DEBUG_INFORMATION_FORMAT = dwarf;
				ENABLE_STRICT_OBJC_MSGSEND = YES;
				ENABLE_TESTABILITY = YES;
				GCC_C_LANGUAGE_STANDARD = gnu11;
				GCC_DYNAMIC_NO_PIC = NO;
				GCC_NO_COMMON_BLOCKS = YES;
				GCC_OPTIMIZATION_LEVEL = 0;
				GCC_PREPROCESSOR_DEFINITIONS = (
					"DEBUG=1",
					"$(inherited)",
				);
				GCC_WARN_64_TO_32_BIT_CONVERSION = YES;
				GCC_WARN_ABOUT_RETURN_TYPE = YES_ERROR;
				GCC_WARN_UNDECLARED_SELECTOR = YES;
				GCC_WARN_UNINITIALIZED_AUTOS = YES_AGGRESSIVE;
				GCC_WARN_UNUSED_FUNCTION = YES;
				GCC_WARN_UNUSED_VARIABLE = YES;
				MTL_ENABLE_DEBUG_INFO = INCLUDE_SOURCE;
				MTL_FAST_MATH = YES;
				ONLY_ACTIVE_ARCH = YES;
				SWIFT_ACTIVE_COMPILATION_CONDITIONS = DEBUG;
				SWIFT_OPTIMIZATION_LEVEL = "-Onone";
			};
			name = Debug;
		};
		1DC65023259AD07A00D9A1EE /* Release */ = {
			isa = XCBuildConfiguration;
			buildSettings = {
				ALWAYS_SEARCH_USER_PATHS = NO;
				CLANG_ANALYZER_NONNULL = YES;
				CLANG_ANALYZER_NUMBER_OBJECT_CONVERSION = YES_AGGRESSIVE;
				CLANG_CXX_LANGUAGE_STANDARD = "gnu++14";
				CLANG_CXX_LIBRARY = "libc++";
				CLANG_ENABLE_MODULES = YES;
				CLANG_ENABLE_OBJC_ARC = YES;
				CLANG_ENABLE_OBJC_WEAK = YES;
				CLANG_WARN_BLOCK_CAPTURE_AUTORELEASING = YES;
				CLANG_WARN_BOOL_CONVERSION = YES;
				CLANG_WARN_COMMA = YES;
				CLANG_WARN_CONSTANT_CONVERSION = YES;
				CLANG_WARN_DEPRECATED_OBJC_IMPLEMENTATIONS = YES;
				CLANG_WARN_DIRECT_OBJC_ISA_USAGE = YES_ERROR;
				CLANG_WARN_DOCUMENTATION_COMMENTS = YES;
				CLANG_WARN_EMPTY_BODY = YES;
				CLANG_WARN_ENUM_CONVERSION = YES;
				CLANG_WARN_INFINITE_RECURSION = YES;
				CLANG_WARN_INT_CONVERSION = YES;
				CLANG_WARN_NON_LITERAL_NULL_CONVERSION = YES;
				CLANG_WARN_OBJC_IMPLICIT_RETAIN_SELF = YES;
				CLANG_WARN_OBJC_LITERAL_CONVERSION = YES;
				CLANG_WARN_OBJC_ROOT_CLASS = YES_ERROR;
				CLANG_WARN_QUOTED_INCLUDE_IN_FRAMEWORK_HEADER = YES;
				CLANG_WARN_RANGE_LOOP_ANALYSIS = YES;
				CLANG_WARN_STRICT_PROTOTYPES = YES;
				CLANG_WARN_SUSPICIOUS_MOVE = YES;
				CLANG_WARN_UNGUARDED_AVAILABILITY = YES_AGGRESSIVE;
				CLANG_WARN_UNREACHABLE_CODE = YES;
				CLANG_WARN__DUPLICATE_METHOD_MATCH = YES;
				COPY_PHASE_STRIP = NO;
				DEBUG_INFORMATION_FORMAT = "dwarf-with-dsym";
				ENABLE_NS_ASSERTIONS = NO;
				ENABLE_STRICT_OBJC_MSGSEND = YES;
				GCC_C_LANGUAGE_STANDARD = gnu11;
				GCC_NO_COMMON_BLOCKS = YES;
				GCC_WARN_64_TO_32_BIT_CONVERSION = YES;
				GCC_WARN_ABOUT_RETURN_TYPE = YES_ERROR;
				GCC_WARN_UNDECLARED_SELECTOR = YES;
				GCC_WARN_UNINITIALIZED_AUTOS = YES_AGGRESSIVE;
				GCC_WARN_UNUSED_FUNCTION = YES;
				GCC_WARN_UNUSED_VARIABLE = YES;
				MTL_ENABLE_DEBUG_INFO = NO;
				MTL_FAST_MATH = YES;
				SWIFT_COMPILATION_MODE = wholemodule;
				SWIFT_OPTIMIZATION_LEVEL = "-O";
			};
			name = Release;
		};
		1DC65025259AD07A00D9A1EE /* Debug */ = {
			isa = XCBuildConfiguration;
			buildSettings = {
				ASSETCATALOG_COMPILER_APPICON_NAME = AppIcon;
				ASSETCATALOG_COMPILER_GLOBAL_ACCENT_COLOR_NAME = AccentColor;
				CODE_SIGN_STYLE = Automatic;
				DEVELOPMENT_TEAM = AFEX2H2TBN;
				ENABLE_PREVIEWS = YES;
				INFOPLIST_FILE = iOS/Info.plist;
				IPHONEOS_DEPLOYMENT_TARGET = 14.0;
				LD_RUNPATH_SEARCH_PATHS = (
					"$(inherited)",
					"@executable_path/Frameworks",
				);
				PRODUCT_BUNDLE_IDENTIFIER = green.felix.golOS;
				PRODUCT_NAME = golOS;
				SDKROOT = iphoneos;
				SWIFT_VERSION = 5.0;
				TARGETED_DEVICE_FAMILY = "1,2";
			};
			name = Debug;
		};
		1DC65026259AD07A00D9A1EE /* Release */ = {
			isa = XCBuildConfiguration;
			buildSettings = {
				ASSETCATALOG_COMPILER_APPICON_NAME = AppIcon;
				ASSETCATALOG_COMPILER_GLOBAL_ACCENT_COLOR_NAME = AccentColor;
				CODE_SIGN_STYLE = Automatic;
				DEVELOPMENT_TEAM = AFEX2H2TBN;
				ENABLE_PREVIEWS = YES;
				INFOPLIST_FILE = iOS/Info.plist;
				IPHONEOS_DEPLOYMENT_TARGET = 14.0;
				LD_RUNPATH_SEARCH_PATHS = (
					"$(inherited)",
					"@executable_path/Frameworks",
				);
				PRODUCT_BUNDLE_IDENTIFIER = green.felix.golOS;
				PRODUCT_NAME = golOS;
				SDKROOT = iphoneos;
				SWIFT_VERSION = 5.0;
				TARGETED_DEVICE_FAMILY = "1,2";
				VALIDATE_PRODUCT = YES;
			};
			name = Release;
		};
		1DC65028259AD07A00D9A1EE /* Debug */ = {
			isa = XCBuildConfiguration;
			buildSettings = {
				ASSETCATALOG_COMPILER_APPICON_NAME = AppIcon;
				ASSETCATALOG_COMPILER_GLOBAL_ACCENT_COLOR_NAME = AccentColor;
				CODE_SIGN_ENTITLEMENTS = macOS/macOS.entitlements;
				CODE_SIGN_STYLE = Automatic;
				COMBINE_HIDPI_IMAGES = YES;
				DEVELOPMENT_TEAM = AFEX2H2TBN;
				ENABLE_HARDENED_RUNTIME = YES;
				ENABLE_PREVIEWS = YES;
				INFOPLIST_FILE = macOS/Info.plist;
				LD_RUNPATH_SEARCH_PATHS = (
					"$(inherited)",
					"@executable_path/../Frameworks",
				);
				MACOSX_DEPLOYMENT_TARGET = 11.0;
				PRODUCT_BUNDLE_IDENTIFIER = green.felix.golOS;
				PRODUCT_NAME = golOS;
				SDKROOT = macosx;
				SWIFT_VERSION = 5.0;
			};
			name = Debug;
		};
		1DC65029259AD07A00D9A1EE /* Release */ = {
			isa = XCBuildConfiguration;
			buildSettings = {
				ASSETCATALOG_COMPILER_APPICON_NAME = AppIcon;
				ASSETCATALOG_COMPILER_GLOBAL_ACCENT_COLOR_NAME = AccentColor;
				CODE_SIGN_ENTITLEMENTS = macOS/macOS.entitlements;
				CODE_SIGN_STYLE = Automatic;
				COMBINE_HIDPI_IMAGES = YES;
				DEVELOPMENT_TEAM = AFEX2H2TBN;
				ENABLE_HARDENED_RUNTIME = YES;
				ENABLE_PREVIEWS = YES;
				INFOPLIST_FILE = macOS/Info.plist;
				LD_RUNPATH_SEARCH_PATHS = (
					"$(inherited)",
					"@executable_path/../Frameworks",
				);
				MACOSX_DEPLOYMENT_TARGET = 11.0;
				PRODUCT_BUNDLE_IDENTIFIER = green.felix.golOS;
				PRODUCT_NAME = golOS;
				SDKROOT = macosx;
				SWIFT_VERSION = 5.0;
			};
			name = Release;
		};
/* End XCBuildConfiguration section */

/* Begin XCConfigurationList section */
		1DC65007259AD07800D9A1EE /* Build configuration list for PBXProject "golOS" */ = {
			isa = XCConfigurationList;
			buildConfigurations = (
				1DC65022259AD07A00D9A1EE /* Debug */,
				1DC65023259AD07A00D9A1EE /* Release */,
			);
			defaultConfigurationIsVisible = 0;
			defaultConfigurationName = Release;
		};
		1DC65024259AD07A00D9A1EE /* Build configuration list for PBXNativeTarget "golOS (iOS)" */ = {
			isa = XCConfigurationList;
			buildConfigurations = (
				1DC65025259AD07A00D9A1EE /* Debug */,
				1DC65026259AD07A00D9A1EE /* Release */,
			);
			defaultConfigurationIsVisible = 0;
			defaultConfigurationName = Release;
		};
		1DC65027259AD07A00D9A1EE /* Build configuration list for PBXNativeTarget "golOS (macOS)" */ = {
			isa = XCConfigurationList;
			buildConfigurations = (
				1DC65028259AD07A00D9A1EE /* Debug */,
				1DC65029259AD07A00D9A1EE /* Release */,
			);
			defaultConfigurationIsVisible = 0;
			defaultConfigurationName = Release;
		};
/* End XCConfigurationList section */
	};
	rootObject = 1DC65004259AD07800D9A1EE /* Project object */;
}
