// !$*UTF8*$!
{
	archiveVersion = 1;
	classes = {
	};
	objectVersion = 52;
	objects = {

/* Begin PBXBuildFile section */
		1D38A31A257EAC24003B52E3 /* golOS_layoutApp.swift in Sources */ = {isa = PBXBuildFile; fileRef = 1D38A307257EAC22003B52E3 /* golOS_layoutApp.swift */; };
		1D38A31B257EAC24003B52E3 /* golOS_layoutApp.swift in Sources */ = {isa = PBXBuildFile; fileRef = 1D38A307257EAC22003B52E3 /* golOS_layoutApp.swift */; };
		1D38A31C257EAC24003B52E3 /* ContentView.swift in Sources */ = {isa = PBXBuildFile; fileRef = 1D38A308257EAC22003B52E3 /* ContentView.swift */; };
		1D38A31D257EAC24003B52E3 /* ContentView.swift in Sources */ = {isa = PBXBuildFile; fileRef = 1D38A308257EAC22003B52E3 /* ContentView.swift */; };
		1D38A31E257EAC24003B52E3 /* Assets.xcassets in Resources */ = {isa = PBXBuildFile; fileRef = 1D38A309257EAC24003B52E3 /* Assets.xcassets */; };
		1D38A31F257EAC24003B52E3 /* Assets.xcassets in Resources */ = {isa = PBXBuildFile; fileRef = 1D38A309257EAC24003B52E3 /* Assets.xcassets */; };
		1D38A354257EC20D003B52E3 /* TemporalView.swift in Sources */ = {isa = PBXBuildFile; fileRef = 1D38A353257EC20D003B52E3 /* TemporalView.swift */; };
		1D38A355257EC20D003B52E3 /* TemporalView.swift in Sources */ = {isa = PBXBuildFile; fileRef = 1D38A353257EC20D003B52E3 /* TemporalView.swift */; };
		1D38A35A257EC69F003B52E3 /* Shapes in Frameworks */ = {isa = PBXBuildFile; productRef = 1D38A359257EC69F003B52E3 /* Shapes */; };
		1D38A35F257EC6D4003B52E3 /* Shapes in Frameworks */ = {isa = PBXBuildFile; productRef = 1D38A35E257EC6D4003B52E3 /* Shapes */; };
/* End PBXBuildFile section */

/* Begin PBXFileReference section */
		1D38A307257EAC22003B52E3 /* golOS_layoutApp.swift */ = {isa = PBXFileReference; lastKnownFileType = sourcecode.swift; path = golOS_layoutApp.swift; sourceTree = "<group>"; };
		1D38A308257EAC22003B52E3 /* ContentView.swift */ = {isa = PBXFileReference; lastKnownFileType = sourcecode.swift; path = ContentView.swift; sourceTree = "<group>"; };
		1D38A309257EAC24003B52E3 /* Assets.xcassets */ = {isa = PBXFileReference; lastKnownFileType = folder.assetcatalog; path = Assets.xcassets; sourceTree = "<group>"; };
		1D38A30E257EAC24003B52E3 /* golOS layout.app */ = {isa = PBXFileReference; explicitFileType = wrapper.application; includeInIndex = 0; path = "golOS layout.app"; sourceTree = BUILT_PRODUCTS_DIR; };
		1D38A311257EAC24003B52E3 /* Info.plist */ = {isa = PBXFileReference; lastKnownFileType = text.plist.xml; path = Info.plist; sourceTree = "<group>"; };
		1D38A316257EAC24003B52E3 /* golOS layout.app */ = {isa = PBXFileReference; explicitFileType = wrapper.application; includeInIndex = 0; path = "golOS layout.app"; sourceTree = BUILT_PRODUCTS_DIR; };
		1D38A318257EAC24003B52E3 /* Info.plist */ = {isa = PBXFileReference; lastKnownFileType = text.plist.xml; path = Info.plist; sourceTree = "<group>"; };
		1D38A319257EAC24003B52E3 /* macOS.entitlements */ = {isa = PBXFileReference; lastKnownFileType = text.plist.entitlements; path = macOS.entitlements; sourceTree = "<group>"; };
		1D38A353257EC20D003B52E3 /* TemporalView.swift */ = {isa = PBXFileReference; lastKnownFileType = sourcecode.swift; path = TemporalView.swift; sourceTree = "<group>"; };
/* End PBXFileReference section */

/* Begin PBXFrameworksBuildPhase section */
		1D38A30B257EAC24003B52E3 /* Frameworks */ = {
			isa = PBXFrameworksBuildPhase;
			buildActionMask = 2147483647;
			files = (
				1D38A35F257EC6D4003B52E3 /* Shapes in Frameworks */,
			);
			runOnlyForDeploymentPostprocessing = 0;
		};
		1D38A313257EAC24003B52E3 /* Frameworks */ = {
			isa = PBXFrameworksBuildPhase;
			buildActionMask = 2147483647;
			files = (
				1D38A35A257EC69F003B52E3 /* Shapes in Frameworks */,
			);
			runOnlyForDeploymentPostprocessing = 0;
		};
/* End PBXFrameworksBuildPhase section */

/* Begin PBXGroup section */
		1D38A301257EAC22003B52E3 = {
			isa = PBXGroup;
			children = (
				1D38A306257EAC22003B52E3 /* Shared */,
				1D38A310257EAC24003B52E3 /* iOS */,
				1D38A317257EAC24003B52E3 /* macOS */,
				1D38A30F257EAC24003B52E3 /* Products */,
				1D38A35D257EC6D4003B52E3 /* Frameworks */,
			);
			sourceTree = "<group>";
		};
		1D38A306257EAC22003B52E3 /* Shared */ = {
			isa = PBXGroup;
			children = (
				1D38A307257EAC22003B52E3 /* golOS_layoutApp.swift */,
				1D38A308257EAC22003B52E3 /* ContentView.swift */,
				1D38A309257EAC24003B52E3 /* Assets.xcassets */,
				1D38A353257EC20D003B52E3 /* TemporalView.swift */,
			);
			path = Shared;
			sourceTree = "<group>";
		};
		1D38A30F257EAC24003B52E3 /* Products */ = {
			isa = PBXGroup;
			children = (
				1D38A30E257EAC24003B52E3 /* golOS layout.app */,
				1D38A316257EAC24003B52E3 /* golOS layout.app */,
			);
			name = Products;
			sourceTree = "<group>";
		};
		1D38A310257EAC24003B52E3 /* iOS */ = {
			isa = PBXGroup;
			children = (
				1D38A311257EAC24003B52E3 /* Info.plist */,
			);
			path = iOS;
			sourceTree = "<group>";
		};
		1D38A317257EAC24003B52E3 /* macOS */ = {
			isa = PBXGroup;
			children = (
				1D38A318257EAC24003B52E3 /* Info.plist */,
				1D38A319257EAC24003B52E3 /* macOS.entitlements */,
			);
			path = macOS;
			sourceTree = "<group>";
		};
		1D38A35D257EC6D4003B52E3 /* Frameworks */ = {
			isa = PBXGroup;
			children = (
			);
			name = Frameworks;
			sourceTree = "<group>";
		};
/* End PBXGroup section */

/* Begin PBXNativeTarget section */
		1D38A30D257EAC24003B52E3 /* golOS layout (iOS) */ = {
			isa = PBXNativeTarget;
			buildConfigurationList = 1D38A322257EAC24003B52E3 /* Build configuration list for PBXNativeTarget "golOS layout (iOS)" */;
			buildPhases = (
				1D38A30A257EAC24003B52E3 /* Sources */,
				1D38A30B257EAC24003B52E3 /* Frameworks */,
				1D38A30C257EAC24003B52E3 /* Resources */,
			);
			buildRules = (
			);
			dependencies = (
			);
			name = "golOS layout (iOS)";
			packageProductDependencies = (
				1D38A35E257EC6D4003B52E3 /* Shapes */,
			);
			productName = "golOS layout (iOS)";
			productReference = 1D38A30E257EAC24003B52E3 /* golOS layout.app */;
			productType = "com.apple.product-type.application";
		};
		1D38A315257EAC24003B52E3 /* golOS layout (macOS) */ = {
			isa = PBXNativeTarget;
			buildConfigurationList = 1D38A325257EAC24003B52E3 /* Build configuration list for PBXNativeTarget "golOS layout (macOS)" */;
			buildPhases = (
				1D38A312257EAC24003B52E3 /* Sources */,
				1D38A313257EAC24003B52E3 /* Frameworks */,
				1D38A314257EAC24003B52E3 /* Resources */,
			);
			buildRules = (
			);
			dependencies = (
			);
			name = "golOS layout (macOS)";
			packageProductDependencies = (
				1D38A359257EC69F003B52E3 /* Shapes */,
			);
			productName = "golOS layout (macOS)";
			productReference = 1D38A316257EAC24003B52E3 /* golOS layout.app */;
			productType = "com.apple.product-type.application";
		};
/* End PBXNativeTarget section */

/* Begin PBXProject section */
		1D38A302257EAC22003B52E3 /* Project object */ = {
			isa = PBXProject;
			attributes = {
				LastSwiftUpdateCheck = 1230;
				LastUpgradeCheck = 1230;
				TargetAttributes = {
					1D38A30D257EAC24003B52E3 = {
						CreatedOnToolsVersion = 12.3;
					};
					1D38A315257EAC24003B52E3 = {
						CreatedOnToolsVersion = 12.3;
					};
				};
			};
			buildConfigurationList = 1D38A305257EAC22003B52E3 /* Build configuration list for PBXProject "golOS layout" */;
			compatibilityVersion = "Xcode 9.3";
			developmentRegion = en;
			hasScannedForEncodings = 0;
			knownRegions = (
				en,
				Base,
			);
			mainGroup = 1D38A301257EAC22003B52E3;
			packageReferences = (
				1D38A358257EC69F003B52E3 /* XCRemoteSwiftPackageReference "swiftui-shapes" */,
			);
			productRefGroup = 1D38A30F257EAC24003B52E3 /* Products */;
			projectDirPath = "";
			projectRoot = "";
			targets = (
				1D38A30D257EAC24003B52E3 /* golOS layout (iOS) */,
				1D38A315257EAC24003B52E3 /* golOS layout (macOS) */,
			);
		};
/* End PBXProject section */

/* Begin PBXResourcesBuildPhase section */
		1D38A30C257EAC24003B52E3 /* Resources */ = {
			isa = PBXResourcesBuildPhase;
			buildActionMask = 2147483647;
			files = (
				1D38A31E257EAC24003B52E3 /* Assets.xcassets in Resources */,
			);
			runOnlyForDeploymentPostprocessing = 0;
		};
		1D38A314257EAC24003B52E3 /* Resources */ = {
			isa = PBXResourcesBuildPhase;
			buildActionMask = 2147483647;
			files = (
				1D38A31F257EAC24003B52E3 /* Assets.xcassets in Resources */,
			);
			runOnlyForDeploymentPostprocessing = 0;
		};
/* End PBXResourcesBuildPhase section */

/* Begin PBXSourcesBuildPhase section */
		1D38A30A257EAC24003B52E3 /* Sources */ = {
			isa = PBXSourcesBuildPhase;
			buildActionMask = 2147483647;
			files = (
				1D38A31C257EAC24003B52E3 /* ContentView.swift in Sources */,
				1D38A31A257EAC24003B52E3 /* golOS_layoutApp.swift in Sources */,
				1D38A354257EC20D003B52E3 /* TemporalView.swift in Sources */,
			);
			runOnlyForDeploymentPostprocessing = 0;
		};
		1D38A312257EAC24003B52E3 /* Sources */ = {
			isa = PBXSourcesBuildPhase;
			buildActionMask = 2147483647;
			files = (
				1D38A31D257EAC24003B52E3 /* ContentView.swift in Sources */,
				1D38A31B257EAC24003B52E3 /* golOS_layoutApp.swift in Sources */,
				1D38A355257EC20D003B52E3 /* TemporalView.swift in Sources */,
			);
			runOnlyForDeploymentPostprocessing = 0;
		};
/* End PBXSourcesBuildPhase section */

/* Begin XCBuildConfiguration section */
		1D38A320257EAC24003B52E3 /* Debug */ = {
			isa = XCBuildConfiguration;
			buildSettings = {
				ALWAYS_SEARCH_USER_PATHS = NO;
				CLANG_ANALYZER_NONNULL = YES;
				CLANG_ANALYZER_NUMBER_OBJECT_CONVERSION = YES_AGGRESSIVE;
				CLANG_CXX_LANGUAGE_STANDARD = "gnu++14";
				CLANG_CXX_LIBRARY = "libc++";
				CLANG_ENABLE_MODULES = YES;
				CLANG_ENABLE_OBJC_ARC = YES;
				CLANG_ENABLE_OBJC_WEAK = YES;
				CLANG_WARN_BLOCK_CAPTURE_AUTORELEASING = YES;
				CLANG_WARN_BOOL_CONVERSION = YES;
				CLANG_WARN_COMMA = YES;
				CLANG_WARN_CONSTANT_CONVERSION = YES;
				CLANG_WARN_DEPRECATED_OBJC_IMPLEMENTATIONS = YES;
				CLANG_WARN_DIRECT_OBJC_ISA_USAGE = YES_ERROR;
				CLANG_WARN_DOCUMENTATION_COMMENTS = YES;
				CLANG_WARN_EMPTY_BODY = YES;
				CLANG_WARN_ENUM_CONVERSION = YES;
				CLANG_WARN_INFINITE_RECURSION = YES;
				CLANG_WARN_INT_CONVERSION = YES;
				CLANG_WARN_NON_LITERAL_NULL_CONVERSION = YES;
				CLANG_WARN_OBJC_IMPLICIT_RETAIN_SELF = YES;
				CLANG_WARN_OBJC_LITERAL_CONVERSION = YES;
				CLANG_WARN_OBJC_ROOT_CLASS = YES_ERROR;
				CLANG_WARN_QUOTED_INCLUDE_IN_FRAMEWORK_HEADER = YES;
				CLANG_WARN_RANGE_LOOP_ANALYSIS = YES;
				CLANG_WARN_STRICT_PROTOTYPES = YES;
				CLANG_WARN_SUSPICIOUS_MOVE = YES;
				CLANG_WARN_UNGUARDED_AVAILABILITY = YES_AGGRESSIVE;
				CLANG_WARN_UNREACHABLE_CODE = YES;
				CLANG_WARN__DUPLICATE_METHOD_MATCH = YES;
				COPY_PHASE_STRIP = NO;
				DEBUG_INFORMATION_FORMAT = dwarf;
				ENABLE_STRICT_OBJC_MSGSEND = YES;
				ENABLE_TESTABILITY = YES;
				GCC_C_LANGUAGE_STANDARD = gnu11;
				GCC_DYNAMIC_NO_PIC = NO;
				GCC_NO_COMMON_BLOCKS = YES;
				GCC_OPTIMIZATION_LEVEL = 0;
				GCC_PREPROCESSOR_DEFINITIONS = (
					"DEBUG=1",
					"$(inherited)",
				);
				GCC_WARN_64_TO_32_BIT_CONVERSION = YES;
				GCC_WARN_ABOUT_RETURN_TYPE = YES_ERROR;
				GCC_WARN_UNDECLARED_SELECTOR = YES;
				GCC_WARN_UNINITIALIZED_AUTOS = YES_AGGRESSIVE;
				GCC_WARN_UNUSED_FUNCTION = YES;
				GCC_WARN_UNUSED_VARIABLE = YES;
				MTL_ENABLE_DEBUG_INFO = INCLUDE_SOURCE;
				MTL_FAST_MATH = YES;
				ONLY_ACTIVE_ARCH = YES;
				SWIFT_ACTIVE_COMPILATION_CONDITIONS = DEBUG;
				SWIFT_OPTIMIZATION_LEVEL = "-Onone";
			};
			name = Debug;
		};
		1D38A321257EAC24003B52E3 /* Release */ = {
			isa = XCBuildConfiguration;
			buildSettings = {
				ALWAYS_SEARCH_USER_PATHS = NO;
				CLANG_ANALYZER_NONNULL = YES;
				CLANG_ANALYZER_NUMBER_OBJECT_CONVERSION = YES_AGGRESSIVE;
				CLANG_CXX_LANGUAGE_STANDARD = "gnu++14";
				CLANG_CXX_LIBRARY = "libc++";
				CLANG_ENABLE_MODULES = YES;
				CLANG_ENABLE_OBJC_ARC = YES;
				CLANG_ENABLE_OBJC_WEAK = YES;
				CLANG_WARN_BLOCK_CAPTURE_AUTORELEASING = YES;
				CLANG_WARN_BOOL_CONVERSION = YES;
				CLANG_WARN_COMMA = YES;
				CLANG_WARN_CONSTANT_CONVERSION = YES;
				CLANG_WARN_DEPRECATED_OBJC_IMPLEMENTATIONS = YES;
				CLANG_WARN_DIRECT_OBJC_ISA_USAGE = YES_ERROR;
				CLANG_WARN_DOCUMENTATION_COMMENTS = YES;
				CLANG_WARN_EMPTY_BODY = YES;
				CLANG_WARN_ENUM_CONVERSION = YES;
				CLANG_WARN_INFINITE_RECURSION = YES;
				CLANG_WARN_INT_CONVERSION = YES;
				CLANG_WARN_NON_LITERAL_NULL_CONVERSION = YES;
				CLANG_WARN_OBJC_IMPLICIT_RETAIN_SELF = YES;
				CLANG_WARN_OBJC_LITERAL_CONVERSION = YES;
				CLANG_WARN_OBJC_ROOT_CLASS = YES_ERROR;
				CLANG_WARN_QUOTED_INCLUDE_IN_FRAMEWORK_HEADER = YES;
				CLANG_WARN_RANGE_LOOP_ANALYSIS = YES;
				CLANG_WARN_STRICT_PROTOTYPES = YES;
				CLANG_WARN_SUSPICIOUS_MOVE = YES;
				CLANG_WARN_UNGUARDED_AVAILABILITY = YES_AGGRESSIVE;
				CLANG_WARN_UNREACHABLE_CODE = YES;
				CLANG_WARN__DUPLICATE_METHOD_MATCH = YES;
				COPY_PHASE_STRIP = NO;
				DEBUG_INFORMATION_FORMAT = "dwarf-with-dsym";
				ENABLE_NS_ASSERTIONS = NO;
				ENABLE_STRICT_OBJC_MSGSEND = YES;
				GCC_C_LANGUAGE_STANDARD = gnu11;
				GCC_NO_COMMON_BLOCKS = YES;
				GCC_WARN_64_TO_32_BIT_CONVERSION = YES;
				GCC_WARN_ABOUT_RETURN_TYPE = YES_ERROR;
				GCC_WARN_UNDECLARED_SELECTOR = YES;
				GCC_WARN_UNINITIALIZED_AUTOS = YES_AGGRESSIVE;
				GCC_WARN_UNUSED_FUNCTION = YES;
				GCC_WARN_UNUSED_VARIABLE = YES;
				MTL_ENABLE_DEBUG_INFO = NO;
				MTL_FAST_MATH = YES;
				SWIFT_COMPILATION_MODE = wholemodule;
				SWIFT_OPTIMIZATION_LEVEL = "-O";
			};
			name = Release;
		};
		1D38A323257EAC24003B52E3 /* Debug */ = {
			isa = XCBuildConfiguration;
			buildSettings = {
				ASSETCATALOG_COMPILER_APPICON_NAME = AppIcon;
				ASSETCATALOG_COMPILER_GLOBAL_ACCENT_COLOR_NAME = AccentColor;
				CODE_SIGN_STYLE = Automatic;
				DEVELOPMENT_TEAM = AFEX2H2TBN;
				ENABLE_PREVIEWS = YES;
				INFOPLIST_FILE = iOS/Info.plist;
				IPHONEOS_DEPLOYMENT_TARGET = 14.0;
				LD_RUNPATH_SEARCH_PATHS = (
					"$(inherited)",
					"@executable_path/Frameworks",
				);
				PRODUCT_BUNDLE_IDENTIFIER = "green.felix.golOS-layout";
				PRODUCT_NAME = "golOS layout";
				SDKROOT = iphoneos;
				SWIFT_VERSION = 5.0;
				TARGETED_DEVICE_FAMILY = "1,2";
			};
			name = Debug;
		};
		1D38A324257EAC24003B52E3 /* Release */ = {
			isa = XCBuildConfiguration;
			buildSettings = {
				ASSETCATALOG_COMPILER_APPICON_NAME = AppIcon;
				ASSETCATALOG_COMPILER_GLOBAL_ACCENT_COLOR_NAME = AccentColor;
				CODE_SIGN_STYLE = Automatic;
				DEVELOPMENT_TEAM = AFEX2H2TBN;
				ENABLE_PREVIEWS = YES;
				INFOPLIST_FILE = iOS/Info.plist;
				IPHONEOS_DEPLOYMENT_TARGET = 14.0;
				LD_RUNPATH_SEARCH_PATHS = (
					"$(inherited)",
					"@executable_path/Frameworks",
				);
				PRODUCT_BUNDLE_IDENTIFIER = "green.felix.golOS-layout";
				PRODUCT_NAME = "golOS layout";
				SDKROOT = iphoneos;
				SWIFT_VERSION = 5.0;
				TARGETED_DEVICE_FAMILY = "1,2";
				VALIDATE_PRODUCT = YES;
			};
			name = Release;
		};
		1D38A326257EAC24003B52E3 /* Debug */ = {
			isa = XCBuildConfiguration;
			buildSettings = {
				ASSETCATALOG_COMPILER_APPICON_NAME = AppIcon;
				ASSETCATALOG_COMPILER_GLOBAL_ACCENT_COLOR_NAME = AccentColor;
				CODE_SIGN_ENTITLEMENTS = macOS/macOS.entitlements;
				CODE_SIGN_STYLE = Automatic;
				COMBINE_HIDPI_IMAGES = YES;
				DEVELOPMENT_TEAM = AFEX2H2TBN;
				ENABLE_HARDENED_RUNTIME = YES;
				ENABLE_PREVIEWS = YES;
				INFOPLIST_FILE = macOS/Info.plist;
				LD_RUNPATH_SEARCH_PATHS = (
					"$(inherited)",
					"@executable_path/../Frameworks",
				);
				MACOSX_DEPLOYMENT_TARGET = 11.0;
				PRODUCT_BUNDLE_IDENTIFIER = "green.felix.golOS-layout";
				PRODUCT_NAME = "golOS layout";
				SDKROOT = macosx;
				SWIFT_VERSION = 5.0;
			};
			name = Debug;
		};
		1D38A327257EAC24003B52E3 /* Release */ = {
			isa = XCBuildConfiguration;
			buildSettings = {
				ASSETCATALOG_COMPILER_APPICON_NAME = AppIcon;
				ASSETCATALOG_COMPILER_GLOBAL_ACCENT_COLOR_NAME = AccentColor;
				CODE_SIGN_ENTITLEMENTS = macOS/macOS.entitlements;
				CODE_SIGN_STYLE = Automatic;
				COMBINE_HIDPI_IMAGES = YES;
				DEVELOPMENT_TEAM = AFEX2H2TBN;
				ENABLE_HARDENED_RUNTIME = YES;
				ENABLE_PREVIEWS = YES;
				INFOPLIST_FILE = macOS/Info.plist;
				LD_RUNPATH_SEARCH_PATHS = (
					"$(inherited)",
					"@executable_path/../Frameworks",
				);
				MACOSX_DEPLOYMENT_TARGET = 11.0;
				PRODUCT_BUNDLE_IDENTIFIER = "green.felix.golOS-layout";
				PRODUCT_NAME = "golOS layout";
				SDKROOT = macosx;
				SWIFT_VERSION = 5.0;
			};
			name = Release;
		};
/* End XCBuildConfiguration section */

/* Begin XCConfigurationList section */
		1D38A305257EAC22003B52E3 /* Build configuration list for PBXProject "golOS layout" */ = {
			isa = XCConfigurationList;
			buildConfigurations = (
				1D38A320257EAC24003B52E3 /* Debug */,
				1D38A321257EAC24003B52E3 /* Release */,
			);
			defaultConfigurationIsVisible = 0;
			defaultConfigurationName = Release;
		};
		1D38A322257EAC24003B52E3 /* Build configuration list for PBXNativeTarget "golOS layout (iOS)" */ = {
			isa = XCConfigurationList;
			buildConfigurations = (
				1D38A323257EAC24003B52E3 /* Debug */,
				1D38A324257EAC24003B52E3 /* Release */,
			);
			defaultConfigurationIsVisible = 0;
			defaultConfigurationName = Release;
		};
		1D38A325257EAC24003B52E3 /* Build configuration list for PBXNativeTarget "golOS layout (macOS)" */ = {
			isa = XCConfigurationList;
			buildConfigurations = (
				1D38A326257EAC24003B52E3 /* Debug */,
				1D38A327257EAC24003B52E3 /* Release */,
			);
			defaultConfigurationIsVisible = 0;
			defaultConfigurationName = Release;
		};
/* End XCConfigurationList section */

/* Begin XCRemoteSwiftPackageReference section */
		1D38A358257EC69F003B52E3 /* XCRemoteSwiftPackageReference "swiftui-shapes" */ = {
			isa = XCRemoteSwiftPackageReference;
			repositoryURL = "git@github.com:swift-extensions/swiftui-shapes.git";
			requirement = {
				kind = upToNextMajorVersion;
				minimumVersion = 1.0.0;
			};
		};
/* End XCRemoteSwiftPackageReference section */

/* Begin XCSwiftPackageProductDependency section */
		1D38A359257EC69F003B52E3 /* Shapes */ = {
			isa = XCSwiftPackageProductDependency;
			package = 1D38A358257EC69F003B52E3 /* XCRemoteSwiftPackageReference "swiftui-shapes" */;
			productName = Shapes;
		};
		1D38A35E257EC6D4003B52E3 /* Shapes */ = {
			isa = XCSwiftPackageProductDependency;
			package = 1D38A358257EC69F003B52E3 /* XCRemoteSwiftPackageReference "swiftui-shapes" */;
			productName = Shapes;
		};
/* End XCSwiftPackageProductDependency section */
	};
	rootObject = 1D38A302257EAC22003B52E3 /* Project object */;
}
